<?xml version="1.0" encoding="utf-8"?>
<Project ToolsVersion="4.0" xmlns="http://schemas.microsoft.com/developer/msbuild/2003">
  <ItemGroup>
    <Filter Include="Source Files">
      <UniqueIdentifier>{fcb6db69-991c-4d44-bb36-957aa43b8b7c}</UniqueIdentifier>
      <Extensions>cpp;c;cxx;rc;def;r;odl;idl;hpj;bat</Extensions>
    </Filter>
    <Filter Include="Header Files">
      <UniqueIdentifier>{833da456-a779-41ea-9f7c-ba7abc52b151}</UniqueIdentifier>
      <Extensions>h;hpp;hxx;hm;inl</Extensions>
    </Filter>
    <Filter Include="Resource Files">
      <UniqueIdentifier>{431e4ea3-eddd-4c0e-aafb-ecebae62ad10}</UniqueIdentifier>
      <Extensions>ico;cur;bmp;dlg;rc2;rct;bin;rgs;gif;jpg;jpeg;jpe</Extensions>
    </Filter>
    <Filter Include="Source Files\MFC">
      <UniqueIdentifier>{a1b2c3d4-e5f6-7890-abcd-ef1234567890}</UniqueIdentifier>
    </Filter>
    <Filter Include="Header Files\MFC">
      <UniqueIdentifier>{b2c3d4e5-f6a7-8901-bcde-f12345678901}</UniqueIdentifier>
    </Filter>
  </ItemGroup>
  <ItemGroup>
    <ClCompile Include="ConvSubdiv.cpp">
      <Filter>Source Files\MFC</Filter>
    </ClCompile>
    <ClCompile Include="..\src\draw.cpp">
      <Filter>Source Files</Filter>
    </ClCompile>
    <ClCompile Include="..\src\edit.cpp">
      <Filter>Source Files</Filter>
    </ClCompile>
    <ClCompile Include="..\src\glppd.cpp">
      <Filter>Source Files</Filter>
    </ClCompile>
    <ClCompile Include="MainFrm.cpp">
      <Filter>Source Files\MFC</Filter>
    </ClCompile>
    <ClCompile Include="..\src\Material.cpp">
      <Filter>Source Files</Filter>
    </ClCompile>
    <ClCompile Include="MaterialDialog.cpp">
      <Filter>Source Files\MFC</Filter>
    </ClCompile>
    <ClCompile Include="MeshInfoDialog.cpp">
      <Filter>Source Files\MFC</Filter>
    </ClCompile>
    <ClCompile Include="MeshToSS.cpp">
      <Filter>Source Files\MFC</Filter>
    </ClCompile>
    <ClCompile Include="MeshToSSDoc.cpp">
      <Filter>Source Files\MFC</Filter>
    </ClCompile>
    <ClCompile Include="MeshToSSView.cpp">
      <Filter>Source Files\MFC</Filter>
    </ClCompile>
    <ClCompile Include="..\src\pick.cpp">
      <Filter>Source Files</Filter>
    </ClCompile>
    <ClCompile Include="QuitDialog.cpp">
      <Filter>Source Files\MFC</Filter>
    </ClCompile>
    <ClCompile Include="..\src\screen.cxx">
      <Filter>Source Files</Filter>
    </ClCompile>
    <ClCompile Include="..\src\sellist.cxx">
      <Filter>Source Files</Filter>
    </ClCompile>
    <ClCompile Include="..\src\smf.cxx">
      <Filter>Source Files</Filter>
    </ClCompile>
    <ClCompile Include="SRDialog.cpp">
      <Filter>Source Files\MFC</Filter>
    </ClCompile>
    <ClCompile Include="StdAfx.cpp">
      <Filter>Source Files\MFC</Filter>
    </ClCompile>
    <ClCompile Include="..\src\swin.cpp">
      <Filter>Source Files</Filter>
    </ClCompile>
    <ClCompile Include="..\src\texture.cxx">
      <Filter>Source Files</Filter>
    </ClCompile>
    <ClCompile Include="..\src\vw.cpp">
      <Filter>Source Files</Filter>
    </ClCompile>
    <ClCompile Include="..\src\bitmap.cpp">
      <Filter>Source Files</Filter>
    </ClCompile>
  </ItemGroup>
  <ItemGroup>
    <ResourceCompile Include="MeshToSS.rc">
      <Filter>Source Files\MFC</Filter>
    </ResourceCompile>
  </ItemGroup>
  <ItemGroup>
    <ClInclude Include="..\src\color.h">
      <Filter>Header Files</Filter>
    </ClInclude>
    <ClInclude Include="ConvSubdiv.h">
      <Filter>Header Files\MFC</Filter>
    </ClInclude>
    <ClInclude Include="..\src\draw.h">
      <Filter>Header Files</Filter>
    </ClInclude>
    <ClInclude Include="..\src\edit.h">
      <Filter>Header Files</Filter>
    </ClInclude>
    <ClInclude Include="..\src\glppd.h">
      <Filter>Header Files</Filter>
    </ClInclude>
    <ClInclude Include="..\src\light.h">
      <Filter>Header Files</Filter>
    </ClInclude>
    <ClInclude Include="MainFrm.h">
      <Filter>Header Files\MFC</Filter>
    </ClInclude>
    <ClInclude Include="..\src\Material.h">
      <Filter>Header Files</Filter>
    </ClInclude>
    <ClInclude Include="MaterialDialog.h">
      <Filter>Header Files\MFC</Filter>
    </ClInclude>
    <ClInclude Include="MeshInfoDialog.h">
      <Filter>Header Files\MFC</Filter>
    </ClInclude>
    <ClInclude Include="MeshToSS.h">
      <Filter>Header Files\MFC</Filter>
    </ClInclude>
    <ClInclude Include="MeshToSSDoc.h">
      <Filter>Header Files\MFC</Filter>
    </ClInclude>
    <ClInclude Include="MeshToSSView.h">
      <Filter>Header Files\MFC</Filter>
    </ClInclude>
    <ClInclude Include="..\src\mtl.h">
      <Filter>Header Files</Filter>
    </ClInclude>
    <ClInclude Include="..\src\pick.h">
      <Filter>Header Files</Filter>
    </ClInclude>
    <ClInclude Include="QuitDialog.h">
      <Filter>Header Files\MFC</Filter>
    </ClInclude>
    <ClInclude Include="resource.h">
      <Filter>Header Files\MFC</Filter>
    </ClInclude>
    <ClInclude Include="..\src\screen.h">
      <Filter>Header Files</Filter>
    </ClInclude>
    <ClInclude Include="..\src\sellist.h">
      <Filter>Header Files</Filter>
    </ClInclude>
    <ClInclude Include="..\src\smf.h">
      <Filter>Header Files</Filter>
    </ClInclude>
    <ClInclude Include="SRDialog.h">
      <Filter>Header Files\MFC</Filter>
    </ClInclude>
    <ClInclude Include="StdAfx.h">
      <Filter>Header Files\MFC</Filter>
    </ClInclude>
    <ClInclude Include="..\src\swin.h">
      <Filter>Header Files</Filter>
    </ClInclude>
    <ClInclude Include="..\src\texture.h">
      <Filter>Header Files</Filter>
    </ClInclude>
    <ClInclude Include="..\src\vw.h">
      <Filter>Header Files</Filter>
    </ClInclude>
    <ClInclude Include="..\src\bitmap.h">
      <Filter>Header Files</Filter>
    </ClInclude>
  </ItemGroup>
  <ItemGroup>
    <Image Include="res\MeshToSS.ico">
      <Filter>Resource Files</Filter>
    </Image>
    <Image Include="res\MeshToSSDoc.ico">
      <Filter>Resource Files</Filter>
    </Image>
    <Image Include="res\OpenGL.ico">
      <Filter>Resource Files</Filter>
    </Image>
    <Image Include="res\OpenGLDoc.ico">
      <Filter>Resource Files</Filter>
    </Image>
    <Image Include="res\Toolbar.bmp">
      <Filter>Resource Files</Filter>
    </Image>
  </ItemGroup>
  <ItemGroup>
    <None Include="res\MeshToSS.rc2">
      <Filter>Resource Files</Filter>
    </None>
  </ItemGroup>
</Project>