<?xml version="1.0" encoding="utf-8"?>
<Project ToolsVersion="4.0" xmlns="http://schemas.microsoft.com/developer/msbuild/2003">
  <ItemGroup>
    <Filter Include="Source Files">
      <UniqueIdentifier>{0667fcfc-438e-47ba-a623-4b32406da26c}</UniqueIdentifier>
      <Extensions>cpp;c;cxx;rc;def;r;odl;idl;hpj;bat</Extensions>
    </Filter>
    <Filter Include="Header Files">
      <UniqueIdentifier>{7dbb43fa-8b59-4f2f-9998-b416c88a5fa5}</UniqueIdentifier>
      <Extensions>h;hpp;hxx;hm;inl</Extensions>
    </Filter>
  </ItemGroup>
  <ItemGroup>
    <ClCompile Include="..\optmesh\file.cxx">
      <Filter>Source Files</Filter>
    </ClCompile>
    <ClCompile Include="..\optmesh\lodprique.cxx">
      <Filter>Source Files</Filter>
    </ClCompile>
    <ClCompile Include="..\optmesh\matlib.cxx">
      <Filter>Source Files</Filter>
    </ClCompile>
    <ClCompile Include="..\optmesh\meshtoss.cxx">
      <Filter>Source Files</Filter>
    </ClCompile>
    <ClCompile Include="..\optmesh\mytime.cxx">
      <Filter>Source Files</Filter>
    </ClCompile>
    <ClCompile Include="..\optmesh\oppd.cxx">
      <Filter>Source Files</Filter>
    </ClCompile>
    <ClCompile Include="..\optmesh\ppd.cxx">
      <Filter>Source Files</Filter>
    </ClCompile>
    <ClCompile Include="..\optmesh\ppdedge.cxx">
      <Filter>Source Files</Filter>
    </ClCompile>
    <ClCompile Include="..\optmesh\ppdface.cxx">
      <Filter>Source Files</Filter>
    </ClCompile>
    <ClCompile Include="..\optmesh\ppdlist.cxx">
      <Filter>Source Files</Filter>
    </ClCompile>
    <ClCompile Include="..\optmesh\ppdnormal.cxx">
      <Filter>Source Files</Filter>
    </ClCompile>
    <ClCompile Include="..\optmesh\ppdpart.cxx">
      <Filter>Source Files</Filter>
    </ClCompile>
    <ClCompile Include="..\optmesh\ppdsolid.cxx">
      <Filter>Source Files</Filter>
    </ClCompile>
    <ClCompile Include="..\optmesh\ppdvertex.cxx">
      <Filter>Source Files</Filter>
    </ClCompile>
    <ClCompile Include="..\optmesh\ps.cxx">
      <Filter>Source Files</Filter>
    </ClCompile>
    <ClCompile Include="..\optmesh\qem.cxx">
      <Filter>Source Files</Filter>
    </ClCompile>
    <ClCompile Include="..\optmesh\simpmesh.cxx">
      <Filter>Source Files</Filter>
    </ClCompile>
    <ClCompile Include="..\optmesh\star.cxx">
      <Filter>Source Files</Filter>
    </ClCompile>
    <ClCompile Include="..\optmesh\subdiv.cxx">
      <Filter>Source Files</Filter>
    </ClCompile>
    <ClCompile Include="..\optmesh\veclib.cxx">
      <Filter>Source Files</Filter>
    </ClCompile>
  </ItemGroup>
  <ItemGroup>
    <ClInclude Include="..\optmesh\file.h">
      <Filter>Header Files</Filter>
    </ClInclude>
    <ClInclude Include="..\optmesh\lodprique.h">
      <Filter>Header Files</Filter>
    </ClInclude>
    <ClInclude Include="..\optmesh\matlib.h">
      <Filter>Header Files</Filter>
    </ClInclude>
    <ClInclude Include="..\optmesh\mytime.h">
      <Filter>Header Files</Filter>
    </ClInclude>
    <ClInclude Include="..\optmesh\oppd.h">
      <Filter>Header Files</Filter>
    </ClInclude>
    <ClInclude Include="..\optmesh\params.h">
      <Filter>Header Files</Filter>
    </ClInclude>
    <ClInclude Include="..\optmesh\ppd.h">
      <Filter>Header Files</Filter>
    </ClInclude>
    <ClInclude Include="..\optmesh\ppdedge.h">
      <Filter>Header Files</Filter>
    </ClInclude>
    <ClInclude Include="..\optmesh\ppdface.h">
      <Filter>Header Files</Filter>
    </ClInclude>
    <ClInclude Include="..\optmesh\ppdlist.h">
      <Filter>Header Files</Filter>
    </ClInclude>
    <ClInclude Include="..\optmesh\ppdnormal.h">
      <Filter>Header Files</Filter>
    </ClInclude>
    <ClInclude Include="..\optmesh\ppdpart.h">
      <Filter>Header Files</Filter>
    </ClInclude>
    <ClInclude Include="..\optmesh\ppdsolid.h">
      <Filter>Header Files</Filter>
    </ClInclude>
    <ClInclude Include="..\optmesh\ppdvertex.h">
      <Filter>Header Files</Filter>
    </ClInclude>
    <ClInclude Include="..\optmesh\ps.h">
      <Filter>Header Files</Filter>
    </ClInclude>
    <ClInclude Include="..\optmesh\qem.h">
      <Filter>Header Files</Filter>
    </ClInclude>
    <ClInclude Include="..\optmesh\simpmesh.h">
      <Filter>Header Files</Filter>
    </ClInclude>
    <ClInclude Include="..\optmesh\smd.h">
      <Filter>Header Files</Filter>
    </ClInclude>
    <ClInclude Include="..\optmesh\star.h">
      <Filter>Header Files</Filter>
    </ClInclude>
    <ClInclude Include="..\optmesh\subdiv.h">
      <Filter>Header Files</Filter>
    </ClInclude>
    <ClInclude Include="..\optmesh\veclib.h">
      <Filter>Header Files</Filter>
    </ClInclude>
  </ItemGroup>
</Project>