<?xml version="1.0" encoding="utf-8"?>
<Project ToolsVersion="4.0" xmlns="http://schemas.microsoft.com/developer/msbuild/2003">
  <ItemGroup>
    <Filter Include="Source Files">
      <UniqueIdentifier>{0667fcfc-438e-47ba-a623-4b32406da26c}</UniqueIdentifier>
      <Extensions>cpp;c;cxx;rc;def;r;odl;idl;hpj;bat</Extensions>
    </Filter>
    <Filter Include="Header Files">
      <UniqueIdentifier>{7dbb43fa-8b59-4f2f-9998-b416c88a5fa5}</UniqueIdentifier>
      <Extensions>h;hpp;hxx;hm;inl</Extensions>
    </Filter>
  </ItemGroup>
  <ItemGroup>
    <ClCompile Include="file.cxx">
      <Filter>Source Files</Filter>
    </ClCompile>
    <ClCompile Include="lodprique.cxx">
      <Filter>Source Files</Filter>
    </ClCompile>
    <ClCompile Include="matlib.cxx">
      <Filter>Source Files</Filter>
    </ClCompile>
    <ClCompile Include="meshtoss.cxx">
      <Filter>Source Files</Filter>
    </ClCompile>
    <ClCompile Include="mytime.cxx">
      <Filter>Source Files</Filter>
    </ClCompile>
    <ClCompile Include="oppd.cxx">
      <Filter>Source Files</Filter>
    </ClCompile>
    <ClCompile Include="ppd.cxx">
      <Filter>Source Files</Filter>
    </ClCompile>
    <ClCompile Include="ppdedge.cxx">
      <Filter>Source Files</Filter>
    </ClCompile>
    <ClCompile Include="ppdface.cxx">
      <Filter>Source Files</Filter>
    </ClCompile>
    <ClCompile Include="ppdlist.cxx">
      <Filter>Source Files</Filter>
    </ClCompile>
    <ClCompile Include="ppdnormal.cxx">
      <Filter>Source Files</Filter>
    </ClCompile>
    <ClCompile Include="ppdpart.cxx">
      <Filter>Source Files</Filter>
    </ClCompile>
    <ClCompile Include="ppdsolid.cxx">
      <Filter>Source Files</Filter>
    </ClCompile>
    <ClCompile Include="ppdvertex.cxx">
      <Filter>Source Files</Filter>
    </ClCompile>
    <ClCompile Include="ps.cxx">
      <Filter>Source Files</Filter>
    </ClCompile>
    <ClCompile Include="qem.cxx">
      <Filter>Source Files</Filter>
    </ClCompile>
    <ClCompile Include="simpmesh.cxx">
      <Filter>Source Files</Filter>
    </ClCompile>
    <ClCompile Include="star.cxx">
      <Filter>Source Files</Filter>
    </ClCompile>
    <ClCompile Include="subdiv.cxx">
      <Filter>Source Files</Filter>
    </ClCompile>
    <ClCompile Include="veclib.cxx">
      <Filter>Source Files</Filter>
    </ClCompile>
  </ItemGroup>
  <ItemGroup>
    <ClInclude Include="file.h">
      <Filter>Header Files</Filter>
    </ClInclude>
    <ClInclude Include="lodprique.h">
      <Filter>Header Files</Filter>
    </ClInclude>
    <ClInclude Include="matlib.h">
      <Filter>Header Files</Filter>
    </ClInclude>
    <ClInclude Include="mytime.h">
      <Filter>Header Files</Filter>
    </ClInclude>
    <ClInclude Include="oppd.h">
      <Filter>Header Files</Filter>
    </ClInclude>
    <ClInclude Include="params.h">
      <Filter>Header Files</Filter>
    </ClInclude>
    <ClInclude Include="ppd.h">
      <Filter>Header Files</Filter>
    </ClInclude>
    <ClInclude Include="ppdedge.h">
      <Filter>Header Files</Filter>
    </ClInclude>
    <ClInclude Include="ppdface.h">
      <Filter>Header Files</Filter>
    </ClInclude>
    <ClInclude Include="ppdlist.h">
      <Filter>Header Files</Filter>
    </ClInclude>
    <ClInclude Include="ppdnormal.h">
      <Filter>Header Files</Filter>
    </ClInclude>
    <ClInclude Include="ppdpart.h">
      <Filter>Header Files</Filter>
    </ClInclude>
    <ClInclude Include="ppdsolid.h">
      <Filter>Header Files</Filter>
    </ClInclude>
    <ClInclude Include="ppdvertex.h">
      <Filter>Header Files</Filter>
    </ClInclude>
    <ClInclude Include="ps.h">
      <Filter>Header Files</Filter>
    </ClInclude>
    <ClInclude Include="qem.h">
      <Filter>Header Files</Filter>
    </ClInclude>
    <ClInclude Include="simpmesh.h">
      <Filter>Header Files</Filter>
    </ClInclude>
    <ClInclude Include="smd.h">
      <Filter>Header Files</Filter>
    </ClInclude>
    <ClInclude Include="star.h">
      <Filter>Header Files</Filter>
    </ClInclude>
    <ClInclude Include="subdiv.h">
      <Filter>Header Files</Filter>
    </ClInclude>
    <ClInclude Include="veclib.h">
      <Filter>Header Files</Filter>
    </ClInclude>
  </ItemGroup>
</Project>