<?xml version="1.0" encoding="utf-8"?>
<Project ToolsVersion="4.0" xmlns="http://schemas.microsoft.com/developer/msbuild/2003">
  <ItemGroup>
    <Filter Include="Header Files">
      <UniqueIdentifier>{b54fcc32-5858-419c-9e9f-c3ed17b8f3a5}</UniqueIdentifier>
    </Filter>
    <Filter Include="Source File">
      <UniqueIdentifier>{5be97978-9e5c-4b6d-b11f-b6430bdc638a}</UniqueIdentifier>
    </Filter>
  </ItemGroup>
  <ItemGroup>
    <ClInclude Include="..\src\vrml97\Audio.h">
      <Filter>Header Files</Filter>
    </ClInclude>
    <ClInclude Include="..\src\vrml97\Doc.h">
      <Filter>Header Files</Filter>
    </ClInclude>
    <ClInclude Include="..\src\vrml97\gifread.h">
      <Filter>Header Files</Filter>
    </ClInclude>
    <ClInclude Include="..\src\vrml97\Image.h">
      <Filter>Header Files</Filter>
    </ClInclude>
    <ClInclude Include="..\src\vrml97\jpgread.h">
      <Filter>Header Files</Filter>
    </ClInclude>
    <ClInclude Include="..\src\vrml97\MathUtils.h">
      <Filter>Header Files</Filter>
    </ClInclude>
    <ClInclude Include="..\src\vrml97\parser.h">
      <Filter>Header Files</Filter>
    </ClInclude>
    <ClInclude Include="..\src\vrml97\pngread.h">
      <Filter>Header Files</Filter>
    </ClInclude>
    <ClInclude Include="..\src\vrml97\ScriptJDK.h">
      <Filter>Header Files</Filter>
    </ClInclude>
    <ClInclude Include="..\src\vrml97\ScriptJS.h">
      <Filter>Header Files</Filter>
    </ClInclude>
    <ClInclude Include="..\src\vrml97\ScriptObject.h">
      <Filter>Header Files</Filter>
    </ClInclude>
    <ClInclude Include="..\src\vrml97\sound.h">
      <Filter>Header Files</Filter>
    </ClInclude>
    <ClInclude Include="..\src\vrml97\System.h">
      <Filter>Header Files</Filter>
    </ClInclude>
    <ClInclude Include="..\src\vrml97\Viewer.h">
      <Filter>Header Files</Filter>
    </ClInclude>
    <ClInclude Include="..\src\vrml97\VrmlEvent.h">
      <Filter>Header Files</Filter>
    </ClInclude>
    <ClInclude Include="..\src\vrml97\VrmlField.h">
      <Filter>Header Files</Filter>
    </ClInclude>
    <ClInclude Include="..\src\vrml97\VrmlMFColor.h">
      <Filter>Header Files</Filter>
    </ClInclude>
    <ClInclude Include="..\src\vrml97\VrmlMFFloat.h">
      <Filter>Header Files</Filter>
    </ClInclude>
    <ClInclude Include="..\src\vrml97\VrmlMFInt.h">
      <Filter>Header Files</Filter>
    </ClInclude>
    <ClInclude Include="..\src\vrml97\VrmlMFRotation.h">
      <Filter>Header Files</Filter>
    </ClInclude>
    <ClInclude Include="..\src\vrml97\VrmlMFString.h">
      <Filter>Header Files</Filter>
    </ClInclude>
    <ClInclude Include="..\src\vrml97\VrmlMFVec2f.h">
      <Filter>Header Files</Filter>
    </ClInclude>
    <ClInclude Include="..\src\vrml97\VrmlMFVec3f.h">
      <Filter>Header Files</Filter>
    </ClInclude>
    <ClInclude Include="..\src\vrml97\VrmlNamespace.h">
      <Filter>Header Files</Filter>
    </ClInclude>
    <ClInclude Include="..\src\vrml97\VrmlNode.h">
      <Filter>Header Files</Filter>
    </ClInclude>
    <ClInclude Include="..\src\vrml97\VrmlNodeAnchor.h">
      <Filter>Header Files</Filter>
    </ClInclude>
    <ClInclude Include="..\src\vrml97\VrmlNodeAppearance.h">
      <Filter>Header Files</Filter>
    </ClInclude>
    <ClInclude Include="..\src\vrml97\VrmlNodeAudioClip.h">
      <Filter>Header Files</Filter>
    </ClInclude>
    <ClInclude Include="..\src\vrml97\VrmlNodeBackground.h">
      <Filter>Header Files</Filter>
    </ClInclude>
    <ClInclude Include="..\src\vrml97\VrmlNodeBillboard.h">
      <Filter>Header Files</Filter>
    </ClInclude>
    <ClInclude Include="..\src\vrml97\VrmlNodeBindable.h">
      <Filter>Header Files</Filter>
    </ClInclude>
    <ClInclude Include="..\src\vrml97\VrmlNodeBox.h">
      <Filter>Header Files</Filter>
    </ClInclude>
    <ClInclude Include="..\src\vrml97\VrmlNodeChild.h">
      <Filter>Header Files</Filter>
    </ClInclude>
    <ClInclude Include="..\src\vrml97\VrmlNodeCollision.h">
      <Filter>Header Files</Filter>
    </ClInclude>
    <ClInclude Include="..\src\vrml97\VrmlNodeColor.h">
      <Filter>Header Files</Filter>
    </ClInclude>
    <ClInclude Include="..\src\vrml97\VrmlNodeColorInt.h">
      <Filter>Header Files</Filter>
    </ClInclude>
    <ClInclude Include="..\src\vrml97\VrmlNodeCone.h">
      <Filter>Header Files</Filter>
    </ClInclude>
    <ClInclude Include="..\src\vrml97\VrmlNodeCoordinate.h">
      <Filter>Header Files</Filter>
    </ClInclude>
    <ClInclude Include="..\src\vrml97\VrmlNodeCoordinateInt.h">
      <Filter>Header Files</Filter>
    </ClInclude>
    <ClInclude Include="..\src\vrml97\VrmlNodeCylinder.h">
      <Filter>Header Files</Filter>
    </ClInclude>
    <ClInclude Include="..\src\vrml97\VrmlNodeCylinderSensor.h">
      <Filter>Header Files</Filter>
    </ClInclude>
    <ClInclude Include="..\src\vrml97\VrmlNodeDirLight.h">
      <Filter>Header Files</Filter>
    </ClInclude>
    <ClInclude Include="..\src\vrml97\VrmlNodeElevationGrid.h">
      <Filter>Header Files</Filter>
    </ClInclude>
    <ClInclude Include="..\src\vrml97\VrmlNodeExtrusion.h">
      <Filter>Header Files</Filter>
    </ClInclude>
    <ClInclude Include="..\src\vrml97\VrmlNodeFog.h">
      <Filter>Header Files</Filter>
    </ClInclude>
    <ClInclude Include="..\src\vrml97\VrmlNodeFontStyle.h">
      <Filter>Header Files</Filter>
    </ClInclude>
    <ClInclude Include="..\src\vrml97\VrmlNodeGeometry.h">
      <Filter>Header Files</Filter>
    </ClInclude>
    <ClInclude Include="..\src\vrml97\VrmlNodeGroup.h">
      <Filter>Header Files</Filter>
    </ClInclude>
    <ClInclude Include="..\src\vrml97\VrmlNodeIFaceSet.h">
      <Filter>Header Files</Filter>
    </ClInclude>
    <ClInclude Include="..\src\vrml97\VrmlNodeILineSet.h">
      <Filter>Header Files</Filter>
    </ClInclude>
    <ClInclude Include="..\src\vrml97\VrmlNodeImageTexture.h">
      <Filter>Header Files</Filter>
    </ClInclude>
    <ClInclude Include="..\src\vrml97\VrmlNodeIndexedSet.h">
      <Filter>Header Files</Filter>
    </ClInclude>
    <ClInclude Include="..\src\vrml97\VrmlNodeInline.h">
      <Filter>Header Files</Filter>
    </ClInclude>
    <ClInclude Include="..\src\vrml97\VrmlNodeLight.h">
      <Filter>Header Files</Filter>
    </ClInclude>
    <ClInclude Include="..\src\vrml97\VrmlNodeLOD.h">
      <Filter>Header Files</Filter>
    </ClInclude>
    <ClInclude Include="..\src\vrml97\VrmlNodeMaterial.h">
      <Filter>Header Files</Filter>
    </ClInclude>
    <ClInclude Include="..\src\vrml97\VrmlNodeMovieTexture.h">
      <Filter>Header Files</Filter>
    </ClInclude>
    <ClInclude Include="..\src\vrml97\VrmlNodeNavigationInfo.h">
      <Filter>Header Files</Filter>
    </ClInclude>
    <ClInclude Include="..\src\vrml97\VrmlNodeNormal.h">
      <Filter>Header Files</Filter>
    </ClInclude>
    <ClInclude Include="..\src\vrml97\VrmlNodeNormalInt.h">
      <Filter>Header Files</Filter>
    </ClInclude>
    <ClInclude Include="..\src\vrml97\VrmlNodeOrientationInt.h">
      <Filter>Header Files</Filter>
    </ClInclude>
    <ClInclude Include="..\src\vrml97\VrmlNodePixelTexture.h">
      <Filter>Header Files</Filter>
    </ClInclude>
    <ClInclude Include="..\src\vrml97\VrmlNodePlaneSensor.h">
      <Filter>Header Files</Filter>
    </ClInclude>
    <ClInclude Include="..\src\vrml97\VrmlNodePointLight.h">
      <Filter>Header Files</Filter>
    </ClInclude>
    <ClInclude Include="..\src\vrml97\VrmlNodePointSet.h">
      <Filter>Header Files</Filter>
    </ClInclude>
    <ClInclude Include="..\src\vrml97\VrmlNodePositionInt.h">
      <Filter>Header Files</Filter>
    </ClInclude>
    <ClInclude Include="..\src\vrml97\VrmlNodeProto.h">
      <Filter>Header Files</Filter>
    </ClInclude>
    <ClInclude Include="..\src\vrml97\VrmlNodeProximitySensor.h">
      <Filter>Header Files</Filter>
    </ClInclude>
    <ClInclude Include="..\src\vrml97\VrmlNodeScalarInt.h">
      <Filter>Header Files</Filter>
    </ClInclude>
    <ClInclude Include="..\src\vrml97\VrmlNodeScript.h">
      <Filter>Header Files</Filter>
    </ClInclude>
    <ClInclude Include="..\src\vrml97\VrmlNodeShape.h">
      <Filter>Header Files</Filter>
    </ClInclude>
    <ClInclude Include="..\src\vrml97\VrmlNodeSound.h">
      <Filter>Header Files</Filter>
    </ClInclude>
    <ClInclude Include="..\src\vrml97\VrmlNodeSphere.h">
      <Filter>Header Files</Filter>
    </ClInclude>
    <ClInclude Include="..\src\vrml97\VrmlNodeSphereSensor.h">
      <Filter>Header Files</Filter>
    </ClInclude>
    <ClInclude Include="..\src\vrml97\VrmlNodeSpotLight.h">
      <Filter>Header Files</Filter>
    </ClInclude>
    <ClInclude Include="..\src\vrml97\VrmlNodeSwitch.h">
      <Filter>Header Files</Filter>
    </ClInclude>
    <ClInclude Include="..\src\vrml97\VrmlNodeText.h">
      <Filter>Header Files</Filter>
    </ClInclude>
    <ClInclude Include="..\src\vrml97\VrmlNodeTexture.h">
      <Filter>Header Files</Filter>
    </ClInclude>
    <ClInclude Include="..\src\vrml97\VrmlNodeTextureCoordinate.h">
      <Filter>Header Files</Filter>
    </ClInclude>
    <ClInclude Include="..\src\vrml97\VrmlNodeTextureTransform.h">
      <Filter>Header Files</Filter>
    </ClInclude>
    <ClInclude Include="..\src\vrml97\VrmlNodeTimeSensor.h">
      <Filter>Header Files</Filter>
    </ClInclude>
    <ClInclude Include="..\src\vrml97\VrmlNodeTouchSensor.h">
      <Filter>Header Files</Filter>
    </ClInclude>
    <ClInclude Include="..\src\vrml97\VrmlNodeTransform.h">
      <Filter>Header Files</Filter>
    </ClInclude>
    <ClInclude Include="..\src\vrml97\VrmlNodeType.h">
      <Filter>Header Files</Filter>
    </ClInclude>
    <ClInclude Include="..\src\vrml97\VrmlNodeViewpoint.h">
      <Filter>Header Files</Filter>
    </ClInclude>
    <ClInclude Include="..\src\vrml97\VrmlNodeVisibilitySensor.h">
      <Filter>Header Files</Filter>
    </ClInclude>
    <ClInclude Include="..\src\vrml97\VrmlNodeWorldInfo.h">
      <Filter>Header Files</Filter>
    </ClInclude>
    <ClInclude Include="..\src\vrml97\VrmlParse.h">
      <Filter>Header Files</Filter>
    </ClInclude>
    <ClInclude Include="..\src\vrml97\VrmlScene.h">
      <Filter>Header Files</Filter>
    </ClInclude>
    <ClInclude Include="..\src\vrml97\VrmlSFBool.h">
      <Filter>Header Files</Filter>
    </ClInclude>
    <ClInclude Include="..\src\vrml97\VrmlSFColor.h">
      <Filter>Header Files</Filter>
    </ClInclude>
    <ClInclude Include="..\src\vrml97\VrmlSFFloat.h">
      <Filter>Header Files</Filter>
    </ClInclude>
    <ClInclude Include="..\src\vrml97\VrmlSFImage.h">
      <Filter>Header Files</Filter>
    </ClInclude>
    <ClInclude Include="..\src\vrml97\VrmlSFInt.h">
      <Filter>Header Files</Filter>
    </ClInclude>
    <ClInclude Include="..\src\vrml97\VrmlSFNode.h">
      <Filter>Header Files</Filter>
    </ClInclude>
    <ClInclude Include="..\src\vrml97\VrmlSFRotation.h">
      <Filter>Header Files</Filter>
    </ClInclude>
    <ClInclude Include="..\src\vrml97\VrmlSFString.h">
      <Filter>Header Files</Filter>
    </ClInclude>
    <ClInclude Include="..\src\vrml97\VrmlSFTime.h">
      <Filter>Header Files</Filter>
    </ClInclude>
    <ClInclude Include="..\src\vrml97\VrmlSFVec2f.h">
      <Filter>Header Files</Filter>
    </ClInclude>
    <ClInclude Include="..\src\vrml97\VrmlSFVec3f.h">
      <Filter>Header Files</Filter>
    </ClInclude>
  </ItemGroup>
  <ItemGroup>
    <ClCompile Include="..\src\vrml97\Audio.cpp">
      <Filter>Source File</Filter>
    </ClCompile>
    <ClCompile Include="..\src\vrml97\Doc.cpp">
      <Filter>Source File</Filter>
    </ClCompile>
    <ClCompile Include="..\src\vrml97\gifread.cpp">
      <Filter>Source File</Filter>
    </ClCompile>
    <ClCompile Include="..\src\vrml97\Image.cpp">
      <Filter>Source File</Filter>
    </ClCompile>
    <ClCompile Include="..\src\vrml97\jpgread.cpp">
      <Filter>Source File</Filter>
    </ClCompile>
    <ClCompile Include="..\src\vrml97\lexer.cpp">
      <Filter>Source File</Filter>
    </ClCompile>
    <ClCompile Include="..\src\vrml97\MathUtils.cpp">
      <Filter>Source File</Filter>
    </ClCompile>
    <ClCompile Include="..\src\vrml97\parser.cpp">
      <Filter>Source File</Filter>
    </ClCompile>
    <ClCompile Include="..\src\vrml97\pngread.cpp">
      <Filter>Source File</Filter>
    </ClCompile>
    <ClCompile Include="..\src\vrml97\ScriptJDK.cpp">
      <Filter>Source File</Filter>
    </ClCompile>
    <ClCompile Include="..\src\vrml97\ScriptJS.cpp">
      <Filter>Source File</Filter>
    </ClCompile>
    <ClCompile Include="..\src\vrml97\ScriptObject.cpp">
      <Filter>Source File</Filter>
    </ClCompile>
    <ClCompile Include="..\src\vrml97\sound.c">
      <Filter>Source File</Filter>
    </ClCompile>
    <ClCompile Include="..\src\vrml97\System.cpp">
      <Filter>Source File</Filter>
    </ClCompile>
    <ClCompile Include="..\src\vrml97\Viewer.cpp">
      <Filter>Source File</Filter>
    </ClCompile>
    <ClCompile Include="..\src\vrml97\VrmlField.cpp">
      <Filter>Source File</Filter>
    </ClCompile>
    <ClCompile Include="..\src\vrml97\VrmlNamespace.cpp">
      <Filter>Source File</Filter>
    </ClCompile>
    <ClCompile Include="..\src\vrml97\VrmlNode.cpp">
      <Filter>Source File</Filter>
    </ClCompile>
    <ClCompile Include="..\src\vrml97\VrmlNodeAnchor.cpp">
      <Filter>Source File</Filter>
    </ClCompile>
    <ClCompile Include="..\src\vrml97\VrmlNodeAppearance.cpp">
      <Filter>Source File</Filter>
    </ClCompile>
    <ClCompile Include="..\src\vrml97\VrmlNodeAudioClip.cpp">
      <Filter>Source File</Filter>
    </ClCompile>
    <ClCompile Include="..\src\vrml97\VrmlNodeBackground.cpp">
      <Filter>Source File</Filter>
    </ClCompile>
    <ClCompile Include="..\src\vrml97\VrmlNodeBillboard.cpp">
      <Filter>Source File</Filter>
    </ClCompile>
    <ClCompile Include="..\src\vrml97\VrmlNodeBox.cpp">
      <Filter>Source File</Filter>
    </ClCompile>
    <ClCompile Include="..\src\vrml97\VrmlNodeCollision.cpp">
      <Filter>Source File</Filter>
    </ClCompile>
    <ClCompile Include="..\src\vrml97\VrmlNodeColor.cpp">
      <Filter>Source File</Filter>
    </ClCompile>
    <ClCompile Include="..\src\vrml97\VrmlNodeColorInt.cpp">
      <Filter>Source File</Filter>
    </ClCompile>
    <ClCompile Include="..\src\vrml97\VrmlNodeCone.cpp">
      <Filter>Source File</Filter>
    </ClCompile>
    <ClCompile Include="..\src\vrml97\VrmlNodeCoordinate.cpp">
      <Filter>Source File</Filter>
    </ClCompile>
    <ClCompile Include="..\src\vrml97\VrmlNodeCoordinateInt.cpp">
      <Filter>Source File</Filter>
    </ClCompile>
    <ClCompile Include="..\src\vrml97\VrmlNodeCylinder.cpp">
      <Filter>Source File</Filter>
    </ClCompile>
    <ClCompile Include="..\src\vrml97\VrmlNodeCylinderSensor.cpp">
      <Filter>Source File</Filter>
    </ClCompile>
    <ClCompile Include="..\src\vrml97\VrmlNodeDirLight.cpp">
      <Filter>Source File</Filter>
    </ClCompile>
    <ClCompile Include="..\src\vrml97\VrmlNodeElevationGrid.cpp">
      <Filter>Source File</Filter>
    </ClCompile>
    <ClCompile Include="..\src\vrml97\VrmlNodeExtrusion.cpp">
      <Filter>Source File</Filter>
    </ClCompile>
    <ClCompile Include="..\src\vrml97\VrmlNodeFog.cpp">
      <Filter>Source File</Filter>
    </ClCompile>
    <ClCompile Include="..\src\vrml97\VrmlNodeFontStyle.cpp">
      <Filter>Source File</Filter>
    </ClCompile>
    <ClCompile Include="..\src\vrml97\VrmlNodeGeometry.cpp">
      <Filter>Source File</Filter>
    </ClCompile>
    <ClCompile Include="..\src\vrml97\VrmlNodeGroup.cpp">
      <Filter>Source File</Filter>
    </ClCompile>
    <ClCompile Include="..\src\vrml97\VrmlNodeIFaceSet.cpp">
      <Filter>Source File</Filter>
    </ClCompile>
    <ClCompile Include="..\src\vrml97\VrmlNodeILineSet.cpp">
      <Filter>Source File</Filter>
    </ClCompile>
    <ClCompile Include="..\src\vrml97\VrmlNodeImageTexture.cpp">
      <Filter>Source File</Filter>
    </ClCompile>
    <ClCompile Include="..\src\vrml97\VrmlNodeIndexedSet.cpp">
      <Filter>Source File</Filter>
    </ClCompile>
    <ClCompile Include="..\src\vrml97\VrmlNodeInline.cpp">
      <Filter>Source File</Filter>
    </ClCompile>
    <ClCompile Include="..\src\vrml97\VrmlNodeLight.cpp">
      <Filter>Source File</Filter>
    </ClCompile>
    <ClCompile Include="..\src\vrml97\VrmlNodeLOD.cpp">
      <Filter>Source File</Filter>
    </ClCompile>
    <ClCompile Include="..\src\vrml97\VrmlNodeMaterial.cpp">
      <Filter>Source File</Filter>
    </ClCompile>
    <ClCompile Include="..\src\vrml97\VrmlNodeMovieTexture.cpp">
      <Filter>Source File</Filter>
    </ClCompile>
    <ClCompile Include="..\src\vrml97\VrmlNodeNavigationInfo.cpp">
      <Filter>Source File</Filter>
    </ClCompile>
    <ClCompile Include="..\src\vrml97\VrmlNodeNormal.cpp">
      <Filter>Source File</Filter>
    </ClCompile>
    <ClCompile Include="..\src\vrml97\VrmlNodeNormalInt.cpp">
      <Filter>Source File</Filter>
    </ClCompile>
    <ClCompile Include="..\src\vrml97\VrmlNodeOrientationInt.cpp">
      <Filter>Source File</Filter>
    </ClCompile>
    <ClCompile Include="..\src\vrml97\VrmlNodePixelTexture.cpp">
      <Filter>Source File</Filter>
    </ClCompile>
    <ClCompile Include="..\src\vrml97\VrmlNodePlaneSensor.cpp">
      <Filter>Source File</Filter>
    </ClCompile>
    <ClCompile Include="..\src\vrml97\VrmlNodePointLight.cpp">
      <Filter>Source File</Filter>
    </ClCompile>
    <ClCompile Include="..\src\vrml97\VrmlNodePointSet.cpp">
      <Filter>Source File</Filter>
    </ClCompile>
    <ClCompile Include="..\src\vrml97\VrmlNodePositionInt.cpp">
      <Filter>Source File</Filter>
    </ClCompile>
    <ClCompile Include="..\src\vrml97\VrmlNodeProto.cpp">
      <Filter>Source File</Filter>
    </ClCompile>
    <ClCompile Include="..\src\vrml97\VrmlNodeProximitySensor.cpp">
      <Filter>Source File</Filter>
    </ClCompile>
    <ClCompile Include="..\src\vrml97\VrmlNodeScalarInt.cpp">
      <Filter>Source File</Filter>
    </ClCompile>
    <ClCompile Include="..\src\vrml97\VrmlNodeScript.cpp">
      <Filter>Source File</Filter>
    </ClCompile>
    <ClCompile Include="..\src\vrml97\VrmlNodeShape.cpp">
      <Filter>Source File</Filter>
    </ClCompile>
    <ClCompile Include="..\src\vrml97\VrmlNodeSound.cpp">
      <Filter>Source File</Filter>
    </ClCompile>
    <ClCompile Include="..\src\vrml97\VrmlNodeSphere.cpp">
      <Filter>Source File</Filter>
    </ClCompile>
    <ClCompile Include="..\src\vrml97\VrmlNodeSphereSensor.cpp">
      <Filter>Source File</Filter>
    </ClCompile>
    <ClCompile Include="..\src\vrml97\VrmlNodeSpotLight.cpp">
      <Filter>Source File</Filter>
    </ClCompile>
    <ClCompile Include="..\src\vrml97\VrmlNodeSwitch.cpp">
      <Filter>Source File</Filter>
    </ClCompile>
    <ClCompile Include="..\src\vrml97\VrmlNodeText.cpp">
      <Filter>Source File</Filter>
    </ClCompile>
    <ClCompile Include="..\src\vrml97\VrmlNodeTextureCoordinate.cpp">
      <Filter>Source File</Filter>
    </ClCompile>
    <ClCompile Include="..\src\vrml97\VrmlNodeTextureTransform.cpp">
      <Filter>Source File</Filter>
    </ClCompile>
    <ClCompile Include="..\src\vrml97\VrmlNodeTimeSensor.cpp">
      <Filter>Source File</Filter>
    </ClCompile>
    <ClCompile Include="..\src\vrml97\VrmlNodeTouchSensor.cpp">
      <Filter>Source File</Filter>
    </ClCompile>
    <ClCompile Include="..\src\vrml97\VrmlNodeTransform.cpp">
      <Filter>Source File</Filter>
    </ClCompile>
    <ClCompile Include="..\src\vrml97\VrmlNodeType.cpp">
      <Filter>Source File</Filter>
    </ClCompile>
    <ClCompile Include="..\src\vrml97\VrmlNodeViewpoint.cpp">
      <Filter>Source File</Filter>
    </ClCompile>
    <ClCompile Include="..\src\vrml97\VrmlNodeVisibilitySensor.cpp">
      <Filter>Source File</Filter>
    </ClCompile>
    <ClCompile Include="..\src\vrml97\VrmlNodeWorldInfo.cpp">
      <Filter>Source File</Filter>
    </ClCompile>
    <ClCompile Include="..\src\vrml97\VrmlScene.cpp">
      <Filter>Source File</Filter>
    </ClCompile>
  </ItemGroup>
</Project>