Microsoft Visual Studio Solution File, Format Version 8.00
Project("{8BC9CEB8-8B4A-11D0-8D11-00A0C91BC942}") = "MeshToSS", "MeshToSS.vcproj", "{60B98282-748C-4AAA-B55D-56FD178C8D9A}"
	ProjectSection(ProjectDependencies) = postProject
		{6E45EA87-FCDC-4CB4-9708-2E538A62B217} = {6E45EA87-FCDC-4CB4-9708-2E538A62B217}
		{2B366702-C046-42B8-9DD1-DDCE6EEA498D} = {2B366702-C046-42B8-9DD1-DDCE6EEA498D}
		{9E8DE2BB-1123-4932-8257-9EF5C1C3F3E0} = {9E8DE2BB-1123-4932-8257-9EF5C1C3F3E0}
		{05AC795A-54B8-4AB9-A113-05E1E065A9DE} = {05AC795A-54B8-4AB9-A113-05E1E065A9DE}
	EndProjectSection
EndProject
Project("{8BC9CEB8-8B4A-11D0-8D11-00A0C91BC942}") = "fdlibm", "..\libvrml97\libvrml97js\win32\fdlibm.vcproj", "{2B366702-C046-42B8-9DD1-DDCE6EEA498D}"
	ProjectSection(ProjectDependencies) = postProject
	EndProjectSection
EndProject
Project("{8BC9CEB8-8B4A-11D0-8D11-00A0C91BC942}") = "libvrml97core", "..\libvrml97\libvrml97core\win32\libvrml97core.vcproj", "{9E8DE2BB-1123-4932-8257-9EF5C1C3F3E0}"
	ProjectSection(ProjectDependencies) = postProject
	EndProjectSection
EndProject
Project("{8BC9CEB8-8B4A-11D0-8D11-00A0C91BC942}") = "libvrml97js", "..\libvrml97\libvrml97js\win32\libvrml97js.vcproj", "{05AC795A-54B8-4AB9-A113-05E1E065A9DE}"
	ProjectSection(ProjectDependencies) = postProject
		{2B366702-C046-42B8-9DD1-DDCE6EEA498D} = {2B366702-C046-42B8-9DD1-DDCE6EEA498D}
	EndProjectSection
EndProject
Project("{8BC9CEB8-8B4A-11D0-8D11-00A0C91BC942}") = "optmesh", "..\optmesh\optmesh.vcproj", "{6E45EA87-FCDC-4CB4-9708-2E538A62B217}"
	ProjectSection(ProjectDependencies) = postProject
	EndProjectSection
EndProject
Global
	GlobalSection(SolutionConfiguration) = preSolution
		Debug = Debug
		Release = Release
	EndGlobalSection
	GlobalSection(ProjectConfiguration) = postSolution
		{60B98282-748C-4AAA-B55D-56FD178C8D9A}.Debug.ActiveCfg = Debug|Win32
		{60B98282-748C-4AAA-B55D-56FD178C8D9A}.Debug.Build.0 = Debug|Win32
		{60B98282-748C-4AAA-B55D-56FD178C8D9A}.Release.ActiveCfg = Release|Win32
		{60B98282-748C-4AAA-B55D-56FD178C8D9A}.Release.Build.0 = Release|Win32
		{2B366702-C046-42B8-9DD1-DDCE6EEA498D}.Debug.ActiveCfg = Debug|Win32
		{2B366702-C046-42B8-9DD1-DDCE6EEA498D}.Debug.Build.0 = Debug|Win32
		{2B366702-C046-42B8-9DD1-DDCE6EEA498D}.Release.ActiveCfg = Release|Win32
		{2B366702-C046-42B8-9DD1-DDCE6EEA498D}.Release.Build.0 = Release|Win32
		{9E8DE2BB-1123-4932-8257-9EF5C1C3F3E0}.Debug.ActiveCfg = Debug|Win32
		{9E8DE2BB-1123-4932-8257-9EF5C1C3F3E0}.Debug.Build.0 = Debug|Win32
		{9E8DE2BB-1123-4932-8257-9EF5C1C3F3E0}.Release.ActiveCfg = Release|Win32
		{9E8DE2BB-1123-4932-8257-9EF5C1C3F3E0}.Release.Build.0 = Release|Win32
		{05AC795A-54B8-4AB9-A113-05E1E065A9DE}.Debug.ActiveCfg = Debug|Win32
		{05AC795A-54B8-4AB9-A113-05E1E065A9DE}.Debug.Build.0 = Debug|Win32
		{05AC795A-54B8-4AB9-A113-05E1E065A9DE}.Release.ActiveCfg = Release|Win32
		{05AC795A-54B8-4AB9-A113-05E1E065A9DE}.Release.Build.0 = Release|Win32
		{6E45EA87-FCDC-4CB4-9708-2E538A62B217}.Debug.ActiveCfg = Debug|Win32
		{6E45EA87-FCDC-4CB4-9708-2E538A62B217}.Debug.Build.0 = Debug|Win32
		{6E45EA87-FCDC-4CB4-9708-2E538A62B217}.Release.ActiveCfg = Release|Win32
		{6E45EA87-FCDC-4CB4-9708-2E538A62B217}.Release.Build.0 = Release|Win32
	EndGlobalSection
	GlobalSection(ExtensibilityGlobals) = postSolution
	EndGlobalSection
	GlobalSection(ExtensibilityAddIns) = postSolution
	EndGlobalSection
EndGlobal
