<?xml version="1.0" encoding="utf-8"?>
<Project ToolsVersion="4.0" xmlns="http://schemas.microsoft.com/developer/msbuild/2003">
  <ItemGroup>
    <Filter Include="Source Files">
      <UniqueIdentifier>{e84b39b5-cb1e-4161-9985-ae69e1822c4a}</UniqueIdentifier>
      <Extensions>cpp;c;cxx;rc;def;r;odl;hpj;bat;for;f90</Extensions>
    </Filter>
    <Filter Include="Header Files">
      <UniqueIdentifier>{63918eab-1593-4dc2-ab89-2e2a6ddc3a80}</UniqueIdentifier>
      <Extensions>h;hpp;hxx;hm;inl;fi;fd</Extensions>
    </Filter>
    <Filter Include="Resource Files">
      <UniqueIdentifier>{75c36e17-e6b5-4af4-b325-2e2f67d1f6df}</UniqueIdentifier>
      <Extensions>ico;cur;bmp;dlg;rc2;rct;bin;cnt;rtf;gif;jpg;jpeg;jpe</Extensions>
    </Filter>
  </ItemGroup>
  <ItemGroup>
    <ClCompile Include="..\src\vrml97js\fdlibm\e_atan2.c">
      <Filter>Source Files</Filter>
    </ClCompile>
    <ClCompile Include="..\src\vrml97js\fdlibm\e_pow.c">
      <Filter>Source Files</Filter>
    </ClCompile>
    <ClCompile Include="..\src\vrml97js\fdlibm\e_sqrt.c">
      <Filter>Source Files</Filter>
    </ClCompile>
    <ClCompile Include="..\src\vrml97js\fdlibm\k_standard.c">
      <Filter>Source Files</Filter>
    </ClCompile>
    <ClCompile Include="..\src\vrml97js\fdlibm\s_atan.c">
      <Filter>Source Files</Filter>
    </ClCompile>
    <ClCompile Include="..\src\vrml97js\fdlibm\s_copysign.c">
      <Filter>Source Files</Filter>
    </ClCompile>
    <ClCompile Include="..\src\vrml97js\fdlibm\s_fabs.c">
      <Filter>Source Files</Filter>
    </ClCompile>
    <ClCompile Include="..\src\vrml97js\fdlibm\s_finite.c">
      <Filter>Source Files</Filter>
    </ClCompile>
    <ClCompile Include="..\src\vrml97js\fdlibm\s_isnan.c">
      <Filter>Source Files</Filter>
    </ClCompile>
    <ClCompile Include="..\src\vrml97js\fdlibm\s_matherr.c">
      <Filter>Source Files</Filter>
    </ClCompile>
    <ClCompile Include="..\src\vrml97js\fdlibm\s_rint.c">
      <Filter>Source Files</Filter>
    </ClCompile>
    <ClCompile Include="..\src\vrml97js\fdlibm\s_scalbn.c">
      <Filter>Source Files</Filter>
    </ClCompile>
    <ClCompile Include="..\src\vrml97js\fdlibm\w_atan2.c">
      <Filter>Source Files</Filter>
    </ClCompile>
    <ClCompile Include="..\src\vrml97js\fdlibm\w_pow.c">
      <Filter>Source Files</Filter>
    </ClCompile>
    <ClCompile Include="..\src\vrml97js\fdlibm\w_sqrt.c">
      <Filter>Source Files</Filter>
    </ClCompile>
  </ItemGroup>
  <ItemGroup>
    <ClInclude Include="..\src\vrml97js\fdlibm\fdlibm.h">
      <Filter>Header Files</Filter>
    </ClInclude>
  </ItemGroup>
</Project>