<?xml version="1.0" encoding="utf-8"?>
<Project ToolsVersion="4.0" xmlns="http://schemas.microsoft.com/developer/msbuild/2003">
  <ItemGroup>
    <Filter Include="Source Files">
      <UniqueIdentifier>{00fd1d8c-840d-4586-930d-7168f47d5bf2}</UniqueIdentifier>
      <Extensions>cpp;c;cxx;rc;def;r;odl;hpj;bat;for;f90</Extensions>
    </Filter>
    <Filter Include="Header Files">
      <UniqueIdentifier>{9411c991-303b-4100-99fa-724ac5ad6abe}</UniqueIdentifier>
      <Extensions>h;hpp;hxx;hm;inl;fi;fd</Extensions>
    </Filter>
    <Filter Include="Resource Files">
      <UniqueIdentifier>{b51baef0-fe1a-4e87-a133-a5cda7debbc6}</UniqueIdentifier>
      <Extensions>ico;cur;bmp;dlg;rc2;rct;bin;cnt;rtf;gif;jpg;jpeg;jpe</Extensions>
    </Filter>
  </ItemGroup>
  <ItemGroup>
    <ClCompile Include="..\src\vrml97js\jsapi.c">
      <Filter>Source Files</Filter>
    </ClCompile>
    <ClCompile Include="..\src\vrml97js\jsarena.c">
      <Filter>Source Files</Filter>
    </ClCompile>
    <ClCompile Include="..\src\vrml97js\jsarray.c">
      <Filter>Source Files</Filter>
    </ClCompile>
    <ClCompile Include="..\src\vrml97js\jsatom.c">
      <Filter>Source Files</Filter>
    </ClCompile>
    <ClCompile Include="..\src\vrml97js\jsbool.c">
      <Filter>Source Files</Filter>
    </ClCompile>
    <ClCompile Include="..\src\vrml97js\jscntxt.c">
      <Filter>Source Files</Filter>
    </ClCompile>
    <ClCompile Include="..\src\vrml97js\jsdate.c">
      <Filter>Source Files</Filter>
    </ClCompile>
    <ClCompile Include="..\src\vrml97js\jsdbgapi.c">
      <Filter>Source Files</Filter>
    </ClCompile>
    <ClCompile Include="..\src\vrml97js\jsdtoa.c">
      <Filter>Source Files</Filter>
    </ClCompile>
    <ClCompile Include="..\src\vrml97js\jsemit.c">
      <Filter>Source Files</Filter>
    </ClCompile>
    <ClCompile Include="..\src\vrml97js\jsexn.c">
      <Filter>Source Files</Filter>
    </ClCompile>
    <ClCompile Include="..\src\vrml97js\jsfun.c">
      <Filter>Source Files</Filter>
    </ClCompile>
    <ClCompile Include="..\src\vrml97js\jsgc.c">
      <Filter>Source Files</Filter>
    </ClCompile>
    <ClCompile Include="..\src\vrml97js\jshash.c">
      <Filter>Source Files</Filter>
    </ClCompile>
    <ClCompile Include="jsinitarrayapi.c">
      <Filter>Source Files</Filter>
    </ClCompile>
    <ClCompile Include="..\src\vrml97js\jsinterp.c">
      <Filter>Source Files</Filter>
    </ClCompile>
    <ClCompile Include="..\src\vrml97js\jslock.c">
      <Filter>Source Files</Filter>
    </ClCompile>
    <ClCompile Include="..\src\vrml97js\jslog2.c">
      <Filter>Source Files</Filter>
    </ClCompile>
    <ClCompile Include="..\src\vrml97js\jslong.c">
      <Filter>Source Files</Filter>
    </ClCompile>
    <ClCompile Include="..\src\vrml97js\jsmath.c">
      <Filter>Source Files</Filter>
    </ClCompile>
    <ClCompile Include="..\src\vrml97js\jsnum.c">
      <Filter>Source Files</Filter>
    </ClCompile>
    <ClCompile Include="..\src\vrml97js\jsobj.c">
      <Filter>Source Files</Filter>
    </ClCompile>
    <ClCompile Include="..\src\vrml97js\jsopcode.c">
      <Filter>Source Files</Filter>
    </ClCompile>
    <ClCompile Include="..\src\vrml97js\jsparse.c">
      <Filter>Source Files</Filter>
    </ClCompile>
    <ClCompile Include="..\src\vrml97js\jsprf.c">
      <Filter>Source Files</Filter>
    </ClCompile>
    <ClCompile Include="..\src\vrml97js\jsregexp.c">
      <Filter>Source Files</Filter>
    </ClCompile>
    <ClCompile Include="..\src\vrml97js\jsscan.c">
      <Filter>Source Files</Filter>
    </ClCompile>
    <ClCompile Include="..\src\vrml97js\jsscope.c">
      <Filter>Source Files</Filter>
    </ClCompile>
    <ClCompile Include="..\src\vrml97js\jsscript.c">
      <Filter>Source Files</Filter>
    </ClCompile>
    <ClCompile Include="..\src\vrml97js\jsstr.c">
      <Filter>Source Files</Filter>
    </ClCompile>
    <ClCompile Include="..\src\vrml97js\jsutil.c">
      <Filter>Source Files</Filter>
    </ClCompile>
    <ClCompile Include="..\src\vrml97js\jsxdrapi.c">
      <Filter>Source Files</Filter>
    </ClCompile>
    <ClCompile Include="..\src\vrml97js\prmjtime.c">
      <Filter>Source Files</Filter>
    </ClCompile>
  </ItemGroup>
  <ItemGroup>
    <ClInclude Include="..\src\vrml97js\jsapi.h">
      <Filter>Header Files</Filter>
    </ClInclude>
    <ClInclude Include="..\src\vrml97js\jsarena.h">
      <Filter>Header Files</Filter>
    </ClInclude>
    <ClInclude Include="..\src\vrml97js\jsarray.h">
      <Filter>Header Files</Filter>
    </ClInclude>
    <ClInclude Include="..\src\vrml97js\jsatom.h">
      <Filter>Header Files</Filter>
    </ClInclude>
    <ClInclude Include="..\src\vrml97js\jsbit.h">
      <Filter>Header Files</Filter>
    </ClInclude>
    <ClInclude Include="..\src\vrml97js\jsbool.h">
      <Filter>Header Files</Filter>
    </ClInclude>
    <ClInclude Include="..\src\vrml97js\jsclist.h">
      <Filter>Header Files</Filter>
    </ClInclude>
    <ClInclude Include="..\src\vrml97js\jscntxt.h">
      <Filter>Header Files</Filter>
    </ClInclude>
    <ClInclude Include="..\src\vrml97js\jscompat.h">
      <Filter>Header Files</Filter>
    </ClInclude>
    <ClInclude Include="..\src\vrml97js\jsconfig.h">
      <Filter>Header Files</Filter>
    </ClInclude>
    <ClInclude Include="..\src\vrml97js\jscpucfg.h">
      <Filter>Header Files</Filter>
    </ClInclude>
    <ClInclude Include="..\src\vrml97js\jsdate.h">
      <Filter>Header Files</Filter>
    </ClInclude>
    <ClInclude Include="..\src\vrml97js\jsdbgapi.h">
      <Filter>Header Files</Filter>
    </ClInclude>
    <ClInclude Include="..\src\vrml97js\jsdtoa.h">
      <Filter>Header Files</Filter>
    </ClInclude>
    <ClInclude Include="..\src\vrml97js\jsemit.h">
      <Filter>Header Files</Filter>
    </ClInclude>
    <ClInclude Include="..\src\vrml97js\jsexn.h">
      <Filter>Header Files</Filter>
    </ClInclude>
    <ClInclude Include="..\src\vrml97js\jsfile.h">
      <Filter>Header Files</Filter>
    </ClInclude>
    <ClInclude Include="..\src\vrml97js\jsfun.h">
      <Filter>Header Files</Filter>
    </ClInclude>
    <ClInclude Include="..\src\vrml97js\jsgc.h">
      <Filter>Header Files</Filter>
    </ClInclude>
    <ClInclude Include="..\src\vrml97js\jshash.h">
      <Filter>Header Files</Filter>
    </ClInclude>
    <ClInclude Include="..\src\vrml97js\jsinterp.h">
      <Filter>Header Files</Filter>
    </ClInclude>
    <ClInclude Include="..\src\vrml97js\jslibmath.h">
      <Filter>Header Files</Filter>
    </ClInclude>
    <ClInclude Include="..\src\vrml97js\jslock.h">
      <Filter>Header Files</Filter>
    </ClInclude>
    <ClInclude Include="..\src\vrml97js\jslong.h">
      <Filter>Header Files</Filter>
    </ClInclude>
    <ClInclude Include="..\src\vrml97js\jsmath.h">
      <Filter>Header Files</Filter>
    </ClInclude>
    <ClInclude Include="..\src\vrml97js\jsnum.h">
      <Filter>Header Files</Filter>
    </ClInclude>
    <ClInclude Include="..\src\vrml97js\jsobj.h">
      <Filter>Header Files</Filter>
    </ClInclude>
    <ClInclude Include="..\src\vrml97js\jsopcode.h">
      <Filter>Header Files</Filter>
    </ClInclude>
    <ClInclude Include="..\src\vrml97js\jsosdep.h">
      <Filter>Header Files</Filter>
    </ClInclude>
    <ClInclude Include="..\src\vrml97js\jsotypes.h">
      <Filter>Header Files</Filter>
    </ClInclude>
    <ClInclude Include="..\src\vrml97js\jsparse.h">
      <Filter>Header Files</Filter>
    </ClInclude>
    <ClInclude Include="..\src\vrml97js\jsprf.h">
      <Filter>Header Files</Filter>
    </ClInclude>
    <ClInclude Include="..\src\vrml97js\jsprvtd.h">
      <Filter>Header Files</Filter>
    </ClInclude>
    <ClInclude Include="..\src\vrml97js\jspubtd.h">
      <Filter>Header Files</Filter>
    </ClInclude>
    <ClInclude Include="..\src\vrml97js\jsregexp.h">
      <Filter>Header Files</Filter>
    </ClInclude>
    <ClInclude Include="..\src\vrml97js\jsscan.h">
      <Filter>Header Files</Filter>
    </ClInclude>
    <ClInclude Include="..\src\vrml97js\jsscope.h">
      <Filter>Header Files</Filter>
    </ClInclude>
    <ClInclude Include="..\src\vrml97js\jsscript.h">
      <Filter>Header Files</Filter>
    </ClInclude>
    <ClInclude Include="..\src\vrml97js\jsstddef.h">
      <Filter>Header Files</Filter>
    </ClInclude>
    <ClInclude Include="..\src\vrml97js\jsstr.h">
      <Filter>Header Files</Filter>
    </ClInclude>
    <ClInclude Include="..\src\vrml97js\jstypes.h">
      <Filter>Header Files</Filter>
    </ClInclude>
    <ClInclude Include="..\src\vrml97js\jsutil.h">
      <Filter>Header Files</Filter>
    </ClInclude>
    <ClInclude Include="..\src\vrml97js\jsxdrapi.h">
      <Filter>Header Files</Filter>
    </ClInclude>
    <ClInclude Include="..\src\vrml97js\prmjtime.h">
      <Filter>Header Files</Filter>
    </ClInclude>
  </ItemGroup>
  <ItemGroup>
    <None Include="..\src\vrml97js\js.msg" />
    <None Include="..\src\vrml97js\jsopcode.tbl" />
  </ItemGroup>
</Project>